// !$*UTF8*$!
{
	archiveVersion = 1;
	classes = {
	};
	objectVersion = 46;
	objects = {

/* Begin PBXBuildFile section */
		CA03DB311A05D9D400891E22 /* main.m in Sources */ = {isa = PBXBuildFile; fileRef = CA03DB301A05D9D400891E22 /* main.m */; };
		CA03DB341A05D9D400891E22 /* AppDelegate.m in Sources */ = {isa = PBXBuildFile; fileRef = CA03DB331A05D9D400891E22 /* AppDelegate.m */; };
		CA03DB371A05D9D400891E22 /* ViewController.m in Sources */ = {isa = PBXBuildFile; fileRef = CA03DB361A05D9D400891E22 /* ViewController.m */; };
		CA03DB3C1A05D9D400891E22 /* Images.xcassets in Resources */ = {isa = PBXBuildFile; fileRef = CA03DB3B1A05D9D400891E22 /* Images.xcassets */; };
		CA03DB4B1A05D9D400891E22 /* CalciumTests.m in Sources */ = {isa = PBXBuildFile; fileRef = CA03DB4A1A05D9D400891E22 /* CalciumTests.m */; };
/* End PBXBuildFile section */

/* Begin PBXContainerItemProxy section */
		CA03DB451A05D9D400891E22 /* PBXContainerItemProxy */ = {
			isa = PBXContainerItemProxy;
			containerPortal = CA03DB231A05D9D400891E22 /* Project object */;
			proxyType = 1;
			remoteGlobalIDString = CA03DB2A1A05D9D400891E22;
			remoteInfo = Calcium;
		};
/* End PBXContainerItemProxy section */

/* Begin PBXFileReference section */
		CA03DB2B1A05D9D400891E22 /* Calcium.app */ = {isa = PBXFileReference; explicitFileType = wrapper.application; includeInIndex = 0; path = Calcium.app; sourceTree = BUILT_PRODUCTS_DIR; };
		CA03DB2F1A05D9D400891E22 /* Info.plist */ = {isa = PBXFileReference; lastKnownFileType = text.plist.xml; path = Info.plist; sourceTree = "<group>"; };
		CA03DB301A05D9D400891E22 /* main.m */ = {isa = PBXFileReference; lastKnownFileType = sourcecode.c.objc; path = main.m; sourceTree = "<group>"; };
		CA03DB321A05D9D400891E22 /* AppDelegate.h */ = {isa = PBXFileReference; lastKnownFileType = sourcecode.c.h; path = AppDelegate.h; sourceTree = "<group>"; };
		CA03DB331A05D9D400891E22 /* AppDelegate.m */ = {isa = PBXFileReference; lastKnownFileType = sourcecode.c.objc; path = AppDelegate.m; sourceTree = "<group>"; };
		CA03DB351A05D9D400891E22 /* ViewController.h */ = {isa = PBXFileReference; lastKnownFileType = sourcecode.c.h; path = ViewController.h; sourceTree = "<group>"; };
		CA03DB361A05D9D400891E22 /* ViewController.m */ = {isa = PBXFileReference; lastKnownFileType = sourcecode.c.objc; path = ViewController.m; sourceTree = "<group>"; };
		CA03DB3B1A05D9D400891E22 /* Images.xcassets */ = {isa = PBXFileReference; lastKnownFileType = folder.assetcatalog; path = Images.xcassets; sourceTree = "<group>"; };
		CA03DB441A05D9D400891E22 /* CalciumTests.xctest */ = {isa = PBXFileReference; explicitFileType = wrapper.cfbundle; includeInIndex = 0; path = CalciumTests.xctest; sourceTree = BUILT_PRODUCTS_DIR; };
		CA03DB491A05D9D400891E22 /* Info.plist */ = {isa = PBXFileReference; lastKnownFileType = text.plist.xml; path = Info.plist; sourceTree = "<group>"; };
		CA03DB4A1A05D9D400891E22 /* CalciumTests.m */ = {isa = PBXFileReference; lastKnownFileType = sourcecode.c.objc; path = CalciumTests.m; sourceTree = "<group>"; };
/* End PBXFileReference section */

/* Begin PBXFrameworksBuildPhase section */
		CA03DB281A05D9D400891E22 /* Frameworks */ = {
			isa = PBXFrameworksBuildPhase;
			buildActionMask = 2147483647;
			files = (
			);
			runOnlyForDeploymentPostprocessing = 0;
		};
		CA03DB411A05D9D400891E22 /* Frameworks */ = {
			isa = PBXFrameworksBuildPhase;
			buildActionMask = 2147483647;
			files = (
			);
			runOnlyForDeploymentPostprocessing = 0;
		};
/* End PBXFrameworksBuildPhase section */

/* Begin PBXGroup section */
		CA03DB221A05D9D400891E22 = {
			isa = PBXGroup;
			children = (
				CA03DB2D1A05D9D400891E22 /* Calcium */,
				CA03DB471A05D9D400891E22 /* CalciumTests */,
				CA03DB2C1A05D9D400891E22 /* Products */,
			);
			sourceTree = "<group>";
		};
		CA03DB2C1A05D9D400891E22 /* Products */ = {
			isa = PBXGroup;
			children = (
				CA03DB2B1A05D9D400891E22 /* Calcium.app */,
				CA03DB441A05D9D400891E22 /* CalciumTests.xctest */,
			);
			name = Products;
			sourceTree = "<group>";
		};
		CA03DB2D1A05D9D400891E22 /* Calcium */ = {
			isa = PBXGroup;
			children = (
				CA03DB321A05D9D400891E22 /* AppDelegate.h */,
				CA03DB331A05D9D400891E22 /* AppDelegate.m */,
				CA03DB351A05D9D400891E22 /* ViewController.h */,
				CA03DB361A05D9D400891E22 /* ViewController.m */,
				CA03DB3B1A05D9D400891E22 /* Images.xcassets */,
				CA03DB2E1A05D9D400891E22 /* Supporting Files */,
			);
			path = Calcium;
			sourceTree = "<group>";
		};
		CA03DB2E1A05D9D400891E22 /* Supporting Files */ = {
			isa = PBXGroup;
			children = (
				CA03DB2F1A05D9D400891E22 /* Info.plist */,
				CA03DB301A05D9D400891E22 /* main.m */,
			);
			name = "Supporting Files";
			sourceTree = "<group>";
		};
		CA03DB471A05D9D400891E22 /* CalciumTests */ = {
			isa = PBXGroup;
			children = (
				CA03DB4A1A05D9D400891E22 /* CalciumTests.m */,
				CA03DB481A05D9D400891E22 /* Supporting Files */,
			);
			path = CalciumTests;
			sourceTree = "<group>";
		};
		CA03DB481A05D9D400891E22 /* Supporting Files */ = {
			isa = PBXGroup;
			children = (
				CA03DB491A05D9D400891E22 /* Info.plist */,
			);
			name = "Supporting Files";
			sourceTree = "<group>";
		};
/* End PBXGroup section */

/* Begin PBXNativeTarget section */
		CA03DB2A1A05D9D400891E22 /* Calcium */ = {
			isa = PBXNativeTarget;
			buildConfigurationList = CA03DB4E1A05D9D400891E22 /* Build configuration list for PBXNativeTarget "Calcium" */;
			buildPhases = (
				CA03DB271A05D9D400891E22 /* Sources */,
				CA03DB281A05D9D400891E22 /* Frameworks */,
				CA03DB291A05D9D400891E22 /* Resources */,
			);
			buildRules = (
			);
			dependencies = (
			);
			name = Calcium;
			productName = Calcium;
			productReference = CA03DB2B1A05D9D400891E22 /* Calcium.app */;
			productType = "com.apple.product-type.application";
		};
		CA03DB431A05D9D400891E22 /* CalciumTests */ = {
			isa = PBXNativeTarget;
			buildConfigurationList = CA03DB511A05D9D400891E22 /* Build configuration list for PBXNativeTarget "CalciumTests" */;
			buildPhases = (
				CA03DB401A05D9D400891E22 /* Sources */,
				CA03DB411A05D9D400891E22 /* Frameworks */,
				CA03DB421A05D9D400891E22 /* Resources */,
			);
			buildRules = (
			);
			dependencies = (
				CA03DB461A05D9D400891E22 /* PBXTargetDependency */,
			);
			name = CalciumTests;
			productName = CalciumTests;
			productReference = CA03DB441A05D9D400891E22 /* CalciumTests.xctest */;
			productType = "com.apple.product-type.bundle.unit-test";
		};
/* End PBXNativeTarget section */

/* Begin PBXProject section */
		CA03DB231A05D9D400891E22 /* Project object */ = {
			isa = PBXProject;
			attributes = {
				LastUpgradeCheck = 0610;
				ORGANIZATIONNAME = Brandon;
				TargetAttributes = {
					CA03DB2A1A05D9D400891E22 = {
						CreatedOnToolsVersion = 6.1;
					};
					CA03DB431A05D9D400891E22 = {
						CreatedOnToolsVersion = 6.1;
						TestTargetID = CA03DB2A1A05D9D400891E22;
					};
				};
			};
			buildConfigurationList = CA03DB261A05D9D400891E22 /* Build configuration list for PBXProject "Calcium" */;
			compatibilityVersion = "Xcode 3.2";
			developmentRegion = English;
			hasScannedForEncodings = 0;
			knownRegions = (
				en,
				Base,
			);
			mainGroup = CA03DB221A05D9D400891E22;
			productRefGroup = CA03DB2C1A05D9D400891E22 /* Products */;
			projectDirPath = "";
			projectRoot = "";
			targets = (
				CA03DB2A1A05D9D400891E22 /* Calcium */,
				CA03DB431A05D9D400891E22 /* CalciumTests */,
			);
		};
/* End PBXProject section */

/* Begin PBXResourcesBuildPhase section */
		CA03DB291A05D9D400891E22 /* Resources */ = {
			isa = PBXResourcesBuildPhase;
			buildActionMask = 2147483647;
			files = (
				CA03DB3C1A05D9D400891E22 /* Images.xcassets in Resources */,
			);
			runOnlyForDeploymentPostprocessing = 0;
		};
		CA03DB421A05D9D400891E22 /* Resources */ = {
			isa = PBXResourcesBuildPhase;
			buildActionMask = 2147483647;
			files = (
			);
			runOnlyForDeploymentPostprocessing = 0;
		};
/* End PBXResourcesBuildPhase section */

/* Begin PBXSourcesBuildPhase section */
		CA03DB271A05D9D400891E22 /* Sources */ = {
			isa = PBXSourcesBuildPhase;
			buildActionMask = 2147483647;
			files = (
				CA03DB371A05D9D400891E22 /* ViewController.m in Sources */,
				CA03DB341A05D9D400891E22 /* AppDelegate.m in Sources */,
				CA03DB311A05D9D400891E22 /* main.m in Sources */,
			);
			runOnlyForDeploymentPostprocessing = 0;
		};
		CA03DB401A05D9D400891E22 /* Sources */ = {
			isa = PBXSourcesBuildPhase;
			buildActionMask = 2147483647;
			files = (
				CA03DB4B1A05D9D400891E22 /* CalciumTests.m in Sources */,
			);
			runOnlyForDeploymentPostprocessing = 0;
		};
/* End PBXSourcesBuildPhase section */

/* Begin PBXTargetDependency section */
		CA03DB461A05D9D400891E22 /* PBXTargetDependency */ = {
			isa = PBXTargetDependency;
			target = CA03DB2A1A05D9D400891E22 /* Calcium */;
			targetProxy = CA03DB451A05D9D400891E22 /* PBXContainerItemProxy */;
		};
/* End PBXTargetDependency section */

/* Begin XCBuildConfiguration section */
		CA03DB4C1A05D9D400891E22 /* Debug */ = {
			isa = XCBuildConfiguration;
			buildSettings = {
				ALWAYS_SEARCH_USER_PATHS = NO;
				CLANG_CXX_LANGUAGE_STANDARD = "gnu++0x";
				CLANG_CXX_LIBRARY = "libc++";
				CLANG_ENABLE_MODULES = YES;
				CLANG_ENABLE_OBJC_ARC = YES;
				CLANG_WARN_BOOL_CONVERSION = YES;
				CLANG_WARN_CONSTANT_CONVERSION = YES;
				CLANG_WARN_DIRECT_OBJC_ISA_USAGE = YES_ERROR;
				CLANG_WARN_EMPTY_BODY = YES;
				CLANG_WARN_ENUM_CONVERSION = YES;
				CLANG_WARN_INT_CONVERSION = YES;
				CLANG_WARN_OBJC_ROOT_CLASS = YES_ERROR;
				CLANG_WARN_UNREACHABLE_CODE = YES;
				CLANG_WARN__DUPLICATE_METHOD_MATCH = YES;
				"CODE_SIGN_IDENTITY[sdk=iphoneos*]" = "iPhone Developer";
				COPY_PHASE_STRIP = NO;
				ENABLE_STRICT_OBJC_MSGSEND = YES;
				GCC_C_LANGUAGE_STANDARD = gnu99;
				GCC_DYNAMIC_NO_PIC = NO;
				GCC_OPTIMIZATION_LEVEL = 0;
				GCC_PREPROCESSOR_DEFINITIONS = (
					"DEBUG=1",
					"$(inherited)",
				);
				GCC_SYMBOLS_PRIVATE_EXTERN = NO;
				GCC_WARN_64_TO_32_BIT_CONVERSION = YES;
				GCC_WARN_ABOUT_RETURN_TYPE = YES_ERROR;
				GCC_WARN_UNDECLARED_SELECTOR = YES;
				GCC_WARN_UNINITIALIZED_AUTOS = YES_AGGRESSIVE;
				GCC_WARN_UNUSED_FUNCTION = YES;
				GCC_WARN_UNUSED_VARIABLE = YES;
				IPHONEOS_DEPLOYMENT_TARGET = 8.1;
				MTL_ENABLE_DEBUG_INFO = YES;
				ONLY_ACTIVE_ARCH = YES;
				SDKROOT = iphoneos;
				TARGETED_DEVICE_FAMILY = 2;
			};
			name = Debug;
		};
		CA03DB4D1A05D9D400891E22 /* Release */ = {
			isa = XCBuildConfiguration;
			buildSettings = {
				ALWAYS_SEARCH_USER_PATHS = NO;
				CLANG_CXX_LANGUAGE_STANDARD = "gnu++0x";
				CLANG_CXX_LIBRARY = "libc++";
				CLANG_ENABLE_MODULES = YES;
				CLANG_ENABLE_OBJC_ARC = YES;
				CLANG_WARN_BOOL_CONVERSION = YES;
				CLANG_WARN_CONSTANT_CONVERSION = YES;
				CLANG_WARN_DIRECT_OBJC_ISA_USAGE = YES_ERROR;
				CLANG_WARN_EMPTY_BODY = YES;
				CLANG_WARN_ENUM_CONVERSION = YES;
				CLANG_WARN_INT_CONVERSION = YES;
				CLANG_WARN_OBJC_ROOT_CLASS = YES_ERROR;
				CLANG_WARN_UNREACHABLE_CODE = YES;
				CLANG_WARN__DUPLICATE_METHOD_MATCH = YES;
				"CODE_SIGN_IDENTITY[sdk=iphoneos*]" = "iPhone Developer";
				COPY_PHASE_STRIP = YES;
				ENABLE_NS_ASSERTIONS = NO;
				ENABLE_STRICT_OBJC_MSGSEND = YES;
				GCC_C_LANGUAGE_STANDARD = gnu99;
				GCC_WARN_64_TO_32_BIT_CONVERSION = YES;
				GCC_WARN_ABOUT_RETURN_TYPE = YES_ERROR;
				GCC_WARN_UNDECLARED_SELECTOR = YES;
				GCC_WARN_UNINITIALIZED_AUTOS = YES_AGGRESSIVE;
				GCC_WARN_UNUSED_FUNCTION = YES;
				GCC_WARN_UNUSED_VARIABLE = YES;
				IPHONEOS_DEPLOYMENT_TARGET = 8.1;
				MTL_ENABLE_DEBUG_INFO = NO;
				SDKROOT = iphoneos;
				TARGETED_DEVICE_FAMILY = 2;
				VALIDATE_PRODUCT = YES;
			};
			name = Release;
		};
		CA03DB4F1A05D9D400891E22 /* Debug */ = {
			isa = XCBuildConfiguration;
			buildSettings = {
				ASSETCATALOG_COMPILER_APPICON_NAME = AppIcon;
				INFOPLIST_FILE = Calcium/Info.plist;
				LD_RUNPATH_SEARCH_PATHS = "$(inherited) @executable_path/Frameworks";
				PRODUCT_NAME = "$(TARGET_NAME)";
			};
			name = Debug;
		};
		CA03DB501A05D9D400891E22 /* Release */ = {
			isa = XCBuildConfiguration;
			buildSettings = {
				ASSETCATALOG_COMPILER_APPICON_NAME = AppIcon;
				INFOPLIST_FILE = Calcium/Info.plist;
				LD_RUNPATH_SEARCH_PATHS = "$(inherited) @executable_path/Frameworks";
				PRODUCT_NAME = "$(TARGET_NAME)";
			};
			name = Release;
		};
		CA03DB521A05D9D400891E22 /* Debug */ = {
			isa = XCBuildConfiguration;
			buildSettings = {
				BUNDLE_LOADER = "$(TEST_HOST)";
				FRAMEWORK_SEARCH_PATHS = (
					"$(SDKROOT)/Developer/Library/Frameworks",
					"$(inherited)",
				);
				GCC_PREPROCESSOR_DEFINITIONS = (
					"DEBUG=1",
					"$(inherited)",
				);
				INFOPLIST_FILE = CalciumTests/Info.plist;
				LD_RUNPATH_SEARCH_PATHS = "$(inherited) @executable_path/Frameworks @loader_path/Frameworks";
				PRODUCT_NAME = "$(TARGET_NAME)";
				TEST_HOST = "$(BUILT_PRODUCTS_DIR)/Calcium.app/Calcium";
			};
			name = Debug;
		};
		CA03DB531A05D9D400891E22 /* Release */ = {
			isa = XCBuildConfiguration;
			buildSettings = {
				BUNDLE_LOADER = "$(TEST_HOST)";
				FRAMEWORK_SEARCH_PATHS = (
					"$(SDKROOT)/Developer/Library/Frameworks",
					"$(inherited)",
				);
				INFOPLIST_FILE = CalciumTests/Info.plist;
				LD_RUNPATH_SEARCH_PATHS = "$(inherited) @executable_path/Frameworks @loader_path/Frameworks";
				PRODUCT_NAME = "$(TARGET_NAME)";
				TEST_HOST = "$(BUILT_PRODUCTS_DIR)/Calcium.app/Calcium";
			};
			name = Release;
		};
/* End XCBuildConfiguration section */

/* Begin XCConfigurationList section */
		CA03DB261A05D9D400891E22 /* Build configuration list for PBXProject "Calcium" */ = {
			isa = XCConfigurationList;
			buildConfigurations = (
				CA03DB4C1A05D9D400891E22 /* Debug */,
				CA03DB4D1A05D9D400891E22 /* Release */,
			);
			defaultConfigurationIsVisible = 0;
			defaultConfigurationName = Release;
		};
		CA03DB4E1A05D9D400891E22 /* Build configuration list for PBXNativeTarget "Calcium" */ = {
			isa = XCConfigurationList;
			buildConfigurations = (
				CA03DB4F1A05D9D400891E22 /* Debug */,
				CA03DB501A05D9D400891E22 /* Release */,
			);
			defaultConfigurationIsVisible = 0;
		};
		CA03DB511A05D9D400891E22 /* Build configuration list for PBXNativeTarget "CalciumTests" */ = {
			isa = XCConfigurationList;
			buildConfigurations = (
				CA03DB521A05D9D400891E22 /* Debug */,
				CA03DB531A05D9D400891E22 /* Release */,
			);
			defaultConfigurationIsVisible = 0;
		};
/* End XCConfigurationList section */
	};
	rootObject = CA03DB231A05D9D400891E22 /* Project object */;
}
